{
  "name": "valorant-discord-bot",
  "lockfileVersion": 3,
  "requires": true,
  "packages": {
    "": {
      "dependencies": {
        "valorant": "^0.0.3"
      }
    },
    "node_modules/valorant": {
      "version": "0.0.3",
      "resolved": "https://registry.npmjs.org/valorant/-/valorant-0.0.3.tgz",
      "integrity": "sha512-X1VsuRW020uh5g/PuTmdnnZ2dS8AUDVLhdH6Z8GDl/7ITLsi/bBpTYZpzJGEiAmVfGCQhoMfJT1u0XNht+/hWg=="
    }
  }
}
